// !$*UTF8*$!
{
	archiveVersion = 1;
	classes = {
	};
	objectVersion = 50;
	objects = {

/* Begin PBXBuildFile section */
		1D9CFDCC24DEA129009DD2D1 /* AppDelegate.swift in Sources */ = {isa = PBXBuildFile; fileRef = 1D9CFDCB24DEA129009DD2D1 /* AppDelegate.swift */; };
		1D9CFDCE24DEA129009DD2D1 /* SceneDelegate.swift in Sources */ = {isa = PBXBuildFile; fileRef = 1D9CFDCD24DEA129009DD2D1 /* SceneDelegate.swift */; };
		1D9CFDD024DEA129009DD2D1 /* ViewController.swift in Sources */ = {isa = PBXBuildFile; fileRef = 1D9CFDCF24DEA129009DD2D1 /* ViewController.swift */; };
		1D9CFDD324DEA129009DD2D1 /* Main.storyboard in Resources */ = {isa = PBXBuildFile; fileRef = 1D9CFDD124DEA129009DD2D1 /* Main.storyboard */; };
		1D9CFDD524DEA12A009DD2D1 /* Assets.xcassets in Resources */ = {isa = PBXBuildFile; fileRef = 1D9CFDD424DEA12A009DD2D1 /* Assets.xcassets */; };
		1D9CFDD824DEA12A009DD2D1 /* LaunchScreen.storyboard in Resources */ = {isa = PBXBuildFile; fileRef = 1D9CFDD624DEA12A009DD2D1 /* LaunchScreen.storyboard */; };
		1D9CFDE124DEA19E009DD2D1 /* PopupPresentationController.swift in Sources */ = {isa = PBXBuildFile; fileRef = 1D9CFDE024DEA19E009DD2D1 /* PopupPresentationController.swift */; };
		1DD10F4A24E3E087004D8B03 /* PopupController.swift in Sources */ = {isa = PBXBuildFile; fileRef = 1DD10F4924E3E087004D8B03 /* PopupController.swift */; };
		1DD10F4C24E3E16D004D8B03 /* PopupApperanceProtocol.swift in Sources */ = {isa = PBXBuildFile; fileRef = 1DD10F4B24E3E16D004D8B03 /* PopupApperanceProtocol.swift */; };
		1DD10F5024E415FF004D8B03 /* PopupProtocol.swift in Sources */ = {isa = PBXBuildFile; fileRef = 1DD10F4F24E415FF004D8B03 /* PopupProtocol.swift */; };
		1DD10F5424E4E093004D8B03 /* TestViewController.swift in Sources */ = {isa = PBXBuildFile; fileRef = 1DD10F5324E4E093004D8B03 /* TestViewController.swift */; };
		1DD10F5624E4E0C7004D8B03 /* UIChain.swift in Sources */ = {isa = PBXBuildFile; fileRef = 1DD10F5524E4E0C7004D8B03 /* UIChain.swift */; };
/* End PBXBuildFile section */

/* Begin PBXFileReference section */
		1D9CFDC824DEA129009DD2D1 /* PopupViewController.app */ = {isa = PBXFileReference; explicitFileType = wrapper.application; includeInIndex = 0; path = PopupViewController.app; sourceTree = BUILT_PRODUCTS_DIR; };
		1D9CFDCB24DEA129009DD2D1 /* AppDelegate.swift */ = {isa = PBXFileReference; lastKnownFileType = sourcecode.swift; path = AppDelegate.swift; sourceTree = "<group>"; };
		1D9CFDCD24DEA129009DD2D1 /* SceneDelegate.swift */ = {isa = PBXFileReference; lastKnownFileType = sourcecode.swift; path = SceneDelegate.swift; sourceTree = "<group>"; };
		1D9CFDCF24DEA129009DD2D1 /* ViewController.swift */ = {isa = PBXFileReference; lastKnownFileType = sourcecode.swift; path = ViewController.swift; sourceTree = "<group>"; };
		1D9CFDD224DEA129009DD2D1 /* Base */ = {isa = PBXFileReference; lastKnownFileType = file.storyboard; name = Base; path = Base.lproj/Main.storyboard; sourceTree = "<group>"; };
		1D9CFDD424DEA12A009DD2D1 /* Assets.xcassets */ = {isa = PBXFileReference; lastKnownFileType = folder.assetcatalog; path = Assets.xcassets; sourceTree = "<group>"; };
		1D9CFDD724DEA12A009DD2D1 /* Base */ = {isa = PBXFileReference; lastKnownFileType = file.storyboard; name = Base; path = Base.lproj/LaunchScreen.storyboard; sourceTree = "<group>"; };
		1D9CFDD924DEA12A009DD2D1 /* Info.plist */ = {isa = PBXFileReference; lastKnownFileType = text.plist.xml; path = Info.plist; sourceTree = "<group>"; };
		1D9CFDE024DEA19E009DD2D1 /* PopupPresentationController.swift */ = {isa = PBXFileReference; lastKnownFileType = sourcecode.swift; path = PopupPresentationController.swift; sourceTree = "<group>"; };
		1DD10F4924E3E087004D8B03 /* PopupController.swift */ = {isa = PBXFileReference; lastKnownFileType = sourcecode.swift; path = PopupController.swift; sourceTree = "<group>"; };
		1DD10F4B24E3E16D004D8B03 /* PopupApperanceProtocol.swift */ = {isa = PBXFileReference; lastKnownFileType = sourcecode.swift; path = PopupApperanceProtocol.swift; sourceTree = "<group>"; };
		1DD10F4F24E415FF004D8B03 /* PopupProtocol.swift */ = {isa = PBXFileReference; lastKnownFileType = sourcecode.swift; path = PopupProtocol.swift; sourceTree = "<group>"; };
		1DD10F5324E4E093004D8B03 /* TestViewController.swift */ = {isa = PBXFileReference; lastKnownFileType = sourcecode.swift; path = TestViewController.swift; sourceTree = "<group>"; };
		1DD10F5524E4E0C7004D8B03 /* UIChain.swift */ = {isa = PBXFileReference; fileEncoding = 4; lastKnownFileType = sourcecode.swift; path = UIChain.swift; sourceTree = "<group>"; };
/* End PBXFileReference section */

/* Begin PBXFrameworksBuildPhase section */
		1D9CFDC524DEA129009DD2D1 /* Frameworks */ = {
			isa = PBXFrameworksBuildPhase;
			buildActionMask = 2147483647;
			files = (
			);
			runOnlyForDeploymentPostprocessing = 0;
		};
/* End PBXFrameworksBuildPhase section */

/* Begin PBXGroup section */
		1D9CFDBF24DEA129009DD2D1 = {
			isa = PBXGroup;
			children = (
				1D9CFDCA24DEA129009DD2D1 /* PopupController */,
				1D9CFDC924DEA129009DD2D1 /* Products */,
			);
			sourceTree = "<group>";
		};
		1D9CFDC924DEA129009DD2D1 /* Products */ = {
			isa = PBXGroup;
			children = (
				1D9CFDC824DEA129009DD2D1 /* PopupViewController.app */,
			);
			name = Products;
			sourceTree = "<group>";
		};
		1D9CFDCA24DEA129009DD2D1 /* PopupController */ = {
			isa = PBXGroup;
			children = (
				1D9CFDDF24DEA157009DD2D1 /* PopupController */,
				1D9CFDCB24DEA129009DD2D1 /* AppDelegate.swift */,
				1D9CFDCD24DEA129009DD2D1 /* SceneDelegate.swift */,
				1D9CFDCF24DEA129009DD2D1 /* ViewController.swift */,
				1DD10F5324E4E093004D8B03 /* TestViewController.swift */,
				1DD10F5524E4E0C7004D8B03 /* UIChain.swift */,
				1D9CFDD124DEA129009DD2D1 /* Main.storyboard */,
				1D9CFDD424DEA12A009DD2D1 /* Assets.xcassets */,
				1D9CFDD624DEA12A009DD2D1 /* LaunchScreen.storyboard */,
				1D9CFDD924DEA12A009DD2D1 /* Info.plist */,
			);
			path = PopupController;
			sourceTree = "<group>";
		};
		1D9CFDDF24DEA157009DD2D1 /* PopupController */ = {
			isa = PBXGroup;
			children = (
				1D9CFDE024DEA19E009DD2D1 /* PopupPresentationController.swift */,
				1DD10F4F24E415FF004D8B03 /* PopupProtocol.swift */,
				1DD10F4B24E3E16D004D8B03 /* PopupApperanceProtocol.swift */,
				1DD10F4924E3E087004D8B03 /* PopupController.swift */,
			);
			path = PopupController;
			sourceTree = "<group>";
		};
/* End PBXGroup section */

/* Begin PBXNativeTarget section */
		1D9CFDC724DEA129009DD2D1 /* PopupViewController */ = {
			isa = PBXNativeTarget;
			buildConfigurationList = 1D9CFDDC24DEA12A009DD2D1 /* Build configuration list for PBXNativeTarget "PopupViewController" */;
			buildPhases = (
				1D9CFDC424DEA129009DD2D1 /* Sources */,
				1D9CFDC524DEA129009DD2D1 /* Frameworks */,
				1D9CFDC624DEA129009DD2D1 /* Resources */,
			);
			buildRules = (
			);
			dependencies = (
			);
			name = PopupViewController;
			productName = PopupViewController;
			productReference = 1D9CFDC824DEA129009DD2D1 /* PopupViewController.app */;
			productType = "com.apple.product-type.application";
		};
/* End PBXNativeTarget section */

/* Begin PBXProject section */
		1D9CFDC024DEA129009DD2D1 /* Project object */ = {
			isa = PBXProject;
			attributes = {
				LastSwiftUpdateCheck = 1160;
				LastUpgradeCheck = 1160;
				ORGANIZATIONNAME = "郑志强";
				TargetAttributes = {
					1D9CFDC724DEA129009DD2D1 = {
						CreatedOnToolsVersion = 11.6;
					};
				};
			};
			buildConfigurationList = 1D9CFDC324DEA129009DD2D1 /* Build configuration list for PBXProject "PopupViewController" */;
			compatibilityVersion = "Xcode 9.3";
			developmentRegion = en;
			hasScannedForEncodings = 0;
			knownRegions = (
				en,
				Base,
			);
			mainGroup = 1D9CFDBF24DEA129009DD2D1;
			productRefGroup = 1D9CFDC924DEA129009DD2D1 /* Products */;
			projectDirPath = "";
			projectRoot = "";
			targets = (
				1D9CFDC724DEA129009DD2D1 /* PopupViewController */,
			);
		};
/* End PBXProject section */

/* Begin PBXResourcesBuildPhase section */
		1D9CFDC624DEA129009DD2D1 /* Resources */ = {
			isa = PBXResourcesBuildPhase;
			buildActionMask = 2147483647;
			files = (
				1D9CFDD824DEA12A009DD2D1 /* LaunchScreen.storyboard in Resources */,
				1D9CFDD524DEA12A009DD2D1 /* Assets.xcassets in Resources */,
				1D9CFDD324DEA129009DD2D1 /* Main.storyboard in Resources */,
			);
			runOnlyForDeploymentPostprocessing = 0;
		};
/* End PBXResourcesBuildPhase section */

/* Begin PBXSourcesBuildPhase section */
		1D9CFDC424DEA129009DD2D1 /* Sources */ = {
			isa = PBXSourcesBuildPhase;
			buildActionMask = 2147483647;
			files = (
				1DD10F4A24E3E087004D8B03 /* PopupController.swift in Sources */,
				1D9CFDE124DEA19E009DD2D1 /* PopupPresentationController.swift in Sources */,
				1DD10F5424E4E093004D8B03 /* TestViewController.swift in Sources */,
				1DD10F5024E415FF004D8B03 /* PopupProtocol.swift in Sources */,
				1D9CFDD024DEA129009DD2D1 /* ViewController.swift in Sources */,
				1D9CFDCC24DEA129009DD2D1 /* AppDelegate.swift in Sources */,
				1DD10F4C24E3E16D004D8B03 /* PopupApperanceProtocol.swift in Sources */,
				1D9CFDCE24DEA129009DD2D1 /* SceneDelegate.swift in Sources */,
				1DD10F5624E4E0C7004D8B03 /* UIChain.swift in Sources */,
			);
			runOnlyForDeploymentPostprocessing = 0;
		};
/* End PBXSourcesBuildPhase section */

/* Begin PBXVariantGroup section */
		1D9CFDD124DEA129009DD2D1 /* Main.storyboard */ = {
			isa = PBXVariantGroup;
			children = (
				1D9CFDD224DEA129009DD2D1 /* Base */,
			);
			name = Main.storyboard;
			sourceTree = "<group>";
		};
		1D9CFDD624DEA12A009DD2D1 /* LaunchScreen.storyboard */ = {
			isa = PBXVariantGroup;
			children = (
				1D9CFDD724DEA12A009DD2D1 /* Base */,
			);
			name = LaunchScreen.storyboard;
			sourceTree = "<group>";
		};
/* End PBXVariantGroup section */

/* Begin XCBuildConfiguration section */
		1D9CFDDA24DEA12A009DD2D1 /* Debug */ = {
			isa = XCBuildConfiguration;
			buildSettings = {
				ALWAYS_SEARCH_USER_PATHS = NO;
				CLANG_ANALYZER_NONNULL = YES;
				CLANG_ANALYZER_NUMBER_OBJECT_CONVERSION = YES_AGGRESSIVE;
				CLANG_CXX_LANGUAGE_STANDARD = "gnu++14";
				CLANG_CXX_LIBRARY = "libc++";
				CLANG_ENABLE_MODULES = YES;
				CLANG_ENABLE_OBJC_ARC = YES;
				CLANG_ENABLE_OBJC_WEAK = YES;
				CLANG_WARN_BLOCK_CAPTURE_AUTORELEASING = YES;
				CLANG_WARN_BOOL_CONVERSION = YES;
				CLANG_WARN_COMMA = YES;
				CLANG_WARN_CONSTANT_CONVERSION = YES;
				CLANG_WARN_DEPRECATED_OBJC_IMPLEMENTATIONS = YES;
				CLANG_WARN_DIRECT_OBJC_ISA_USAGE = YES_ERROR;
				CLANG_WARN_DOCUMENTATION_COMMENTS = YES;
				CLANG_WARN_EMPTY_BODY = YES;
				CLANG_WARN_ENUM_CONVERSION = YES;
				CLANG_WARN_INFINITE_RECURSION = YES;
				CLANG_WARN_INT_CONVERSION = YES;
				CLANG_WARN_NON_LITERAL_NULL_CONVERSION = YES;
				CLANG_WARN_OBJC_IMPLICIT_RETAIN_SELF = YES;
				CLANG_WARN_OBJC_LITERAL_CONVERSION = YES;
				CLANG_WARN_OBJC_ROOT_CLASS = YES_ERROR;
				CLANG_WARN_RANGE_LOOP_ANALYSIS = YES;
				CLANG_WARN_STRICT_PROTOTYPES = YES;
				CLANG_WARN_SUSPICIOUS_MOVE = YES;
				CLANG_WARN_UNGUARDED_AVAILABILITY = YES_AGGRESSIVE;
				CLANG_WARN_UNREACHABLE_CODE = YES;
				CLANG_WARN__DUPLICATE_METHOD_MATCH = YES;
				COPY_PHASE_STRIP = NO;
				DEBUG_INFORMATION_FORMAT = dwarf;
				ENABLE_STRICT_OBJC_MSGSEND = YES;
				ENABLE_TESTABILITY = YES;
				GCC_C_LANGUAGE_STANDARD = gnu11;
				GCC_DYNAMIC_NO_PIC = NO;
				GCC_NO_COMMON_BLOCKS = YES;
				GCC_OPTIMIZATION_LEVEL = 0;
				GCC_PREPROCESSOR_DEFINITIONS = (
					"DEBUG=1",
					"$(inherited)",
				);
				GCC_WARN_64_TO_32_BIT_CONVERSION = YES;
				GCC_WARN_ABOUT_RETURN_TYPE = YES_ERROR;
				GCC_WARN_UNDECLARED_SELECTOR = YES;
				GCC_WARN_UNINITIALIZED_AUTOS = YES_AGGRESSIVE;
				GCC_WARN_UNUSED_FUNCTION = YES;
				GCC_WARN_UNUSED_VARIABLE = YES;
				IPHONEOS_DEPLOYMENT_TARGET = 13.6;
				MTL_ENABLE_DEBUG_INFO = INCLUDE_SOURCE;
				MTL_FAST_MATH = YES;
				ONLY_ACTIVE_ARCH = YES;
				SDKROOT = iphoneos;
				SWIFT_ACTIVE_COMPILATION_CONDITIONS = DEBUG;
				SWIFT_OPTIMIZATION_LEVEL = "-Onone";
			};
			name = Debug;
		};
		1D9CFDDB24DEA12A009DD2D1 /* Release */ = {
			isa = XCBuildConfiguration;
			buildSettings = {
				ALWAYS_SEARCH_USER_PATHS = NO;
				CLANG_ANALYZER_NONNULL = YES;
				CLANG_ANALYZER_NUMBER_OBJECT_CONVERSION = YES_AGGRESSIVE;
				CLANG_CXX_LANGUAGE_STANDARD = "gnu++14";
				CLANG_CXX_LIBRARY = "libc++";
				CLANG_ENABLE_MODULES = YES;
				CLANG_ENABLE_OBJC_ARC = YES;
				CLANG_ENABLE_OBJC_WEAK = YES;
				CLANG_WARN_BLOCK_CAPTURE_AUTORELEASING = YES;
				CLANG_WARN_BOOL_CONVERSION = YES;
				CLANG_WARN_COMMA = YES;
				CLANG_WARN_CONSTANT_CONVERSION = YES;
				CLANG_WARN_DEPRECATED_OBJC_IMPLEMENTATIONS = YES;
				CLANG_WARN_DIRECT_OBJC_ISA_USAGE = YES_ERROR;
				CLANG_WARN_DOCUMENTATION_COMMENTS = YES;
				CLANG_WARN_EMPTY_BODY = YES;
				CLANG_WARN_ENUM_CONVERSION = YES;
				CLANG_WARN_INFINITE_RECURSION = YES;
				CLANG_WARN_INT_CONVERSION = YES;
				CLANG_WARN_NON_LITERAL_NULL_CONVERSION = YES;
				CLANG_WARN_OBJC_IMPLICIT_RETAIN_SELF = YES;
				CLANG_WARN_OBJC_LITERAL_CONVERSION = YES;
				CLANG_WARN_OBJC_ROOT_CLASS = YES_ERROR;
				CLANG_WARN_RANGE_LOOP_ANALYSIS = YES;
				CLANG_WARN_STRICT_PROTOTYPES = YES;
				CLANG_WARN_SUSPICIOUS_MOVE = YES;
				CLANG_WARN_UNGUARDED_AVAILABILITY = YES_AGGRESSIVE;
				CLANG_WARN_UNREACHABLE_CODE = YES;
				CLANG_WARN__DUPLICATE_METHOD_MATCH = YES;
				COPY_PHASE_STRIP = NO;
				DEBUG_INFORMATION_FORMAT = "dwarf-with-dsym";
				ENABLE_NS_ASSERTIONS = NO;
				ENABLE_STRICT_OBJC_MSGSEND = YES;
				GCC_C_LANGUAGE_STANDARD = gnu11;
				GCC_NO_COMMON_BLOCKS = YES;
				GCC_WARN_64_TO_32_BIT_CONVERSION = YES;
				GCC_WARN_ABOUT_RETURN_TYPE = YES_ERROR;
				GCC_WARN_UNDECLARED_SELECTOR = YES;
				GCC_WARN_UNINITIALIZED_AUTOS = YES_AGGRESSIVE;
				GCC_WARN_UNUSED_FUNCTION = YES;
				GCC_WARN_UNUSED_VARIABLE = YES;
				IPHONEOS_DEPLOYMENT_TARGET = 13.6;
				MTL_ENABLE_DEBUG_INFO = NO;
				MTL_FAST_MATH = YES;
				SDKROOT = iphoneos;
				SWIFT_COMPILATION_MODE = wholemodule;
				SWIFT_OPTIMIZATION_LEVEL = "-O";
				VALIDATE_PRODUCT = YES;
			};
			name = Release;
		};
		1D9CFDDD24DEA12A009DD2D1 /* Debug */ = {
			isa = XCBuildConfiguration;
			buildSettings = {
				ASSETCATALOG_COMPILER_APPICON_NAME = AppIcon;
				CODE_SIGN_STYLE = Automatic;
				DEVELOPMENT_TEAM = KJN5GDHP84;
				INFOPLIST_FILE = PopupViewController/Info.plist;
				IPHONEOS_DEPLOYMENT_TARGET = 13.0;
				LD_RUNPATH_SEARCH_PATHS = (
					"$(inherited)",
					"@executable_path/Frameworks",
				);
				PRODUCT_BUNDLE_IDENTIFIER = Yunqi.PopupViewController;
				PRODUCT_NAME = "$(TARGET_NAME)";
				SWIFT_VERSION = 5.0;
				TARGETED_DEVICE_FAMILY = "1,2";
			};
			name = Debug;
		};
		1D9CFDDE24DEA12A009DD2D1 /* Release */ = {
			isa = XCBuildConfiguration;
			buildSettings = {
				ASSETCATALOG_COMPILER_APPICON_NAME = AppIcon;
				CODE_SIGN_STYLE = Automatic;
				DEVELOPMENT_TEAM = KJN5GDHP84;
				INFOPLIST_FILE = PopupViewController/Info.plist;
				IPHONEOS_DEPLOYMENT_TARGET = 13.0;
				LD_RUNPATH_SEARCH_PATHS = (
					"$(inherited)",
					"@executable_path/Frameworks",
				);
				PRODUCT_BUNDLE_IDENTIFIER = Yunqi.PopupViewController;
				PRODUCT_NAME = "$(TARGET_NAME)";
				SWIFT_VERSION = 5.0;
				TARGETED_DEVICE_FAMILY = "1,2";
			};
			name = Release;
		};
/* End XCBuildConfiguration section */

/* Begin XCConfigurationList section */
		1D9CFDC324DEA129009DD2D1 /* Build configuration list for PBXProject "PopupViewController" */ = {
			isa = XCConfigurationList;
			buildConfigurations = (
				1D9CFDDA24DEA12A009DD2D1 /* Debug */,
				1D9CFDDB24DEA12A009DD2D1 /* Release */,
			);
			defaultConfigurationIsVisible = 0;
			defaultConfigurationName = Release;
		};
		1D9CFDDC24DEA12A009DD2D1 /* Build configuration list for PBXNativeTarget "PopupViewController" */ = {
			isa = XCConfigurationList;
			buildConfigurations = (
				1D9CFDDD24DEA12A009DD2D1 /* Debug */,
				1D9CFDDE24DEA12A009DD2D1 /* Release */,
			);
			defaultConfigurationIsVisible = 0;
			defaultConfigurationName = Release;
		};
/* End XCConfigurationList section */
	};
	rootObject = 1D9CFDC024DEA129009DD2D1 /* Project object */;
}
